
Microsoft Visual Studio Solution File, Format Version 12.00
# Visual Studio Version 17
VisualStudioVersion = 17.0.31903.59
MinimumVisualStudioVersion = 10.0.40219.1
Project("{2150E333-8FDC-42A3-9474-1A3956D46DE8}") = "src", "src", "{30D0695E-6781-4626-BCBF-CF4499DE0265}"
EndProject
Project("{9A19103F-16F7-4668-BE54-9A1E7A4F7556}") = "Smart.Design.Razor", "src\Smart.Design.Razor\Smart.Design.Razor.csproj", "{CB33C4FA-5710-4D2B-BFFE-0FB6889F446B}"
EndProject
Project("{2150E333-8FDC-42A3-9474-1A3956D46DE8}") = "Solution Items", "Solution Items", "{471F9731-34C7-4040-8161-C5A66149B123}"
	ProjectSection(SolutionItems) = preProject
		.editorconfig = .editorconfig
	EndProjectSection
EndProject
Project("{2150E333-8FDC-42A3-9474-1A3956D46DE8}") = "test", "test", "{9C5E46C5-9B1E-43E0-B7BC-7AFE907BBE9E}"
EndProject
Project("{2150E333-8FDC-42A3-9474-1A3956D46DE8}") = "HtmlGenerator", "HtmlGenerator", "{D39A27E8-CA69-4E02-BA1B-CFBE63D3A111}"
EndProject
Project("{9A19103F-16F7-4668-BE54-9A1E7A4F7556}") = "Smart.Design.HtmlGenerator", "src\HtmlGenerator\Smart.Design.HtmlGenerator\Smart.Design.HtmlGenerator.csproj", "{C368F796-EA72-4144-BDA4-186B138B563A}"
EndProject
Project("{9A19103F-16F7-4668-BE54-9A1E7A4F7556}") = "Smart.Design.Templates", "src\HtmlGenerator\Smart.Design.Templates\Smart.Design.Templates.csproj", "{023E7179-0BF0-4507-AC90-8C3D88C66E34}"
EndProject
Project("{9A19103F-16F7-4668-BE54-9A1E7A4F7556}") = "Smart.Design.HtmlGenerator.Tests", "test\Smart.Design.HtmlGenerator.Tests\Smart.Design.HtmlGenerator.Tests.csproj", "{569B9049-7E66-44FC-B322-FEEE7A8C16E6}"
EndProject
Project("{9A19103F-16F7-4668-BE54-9A1E7A4F7556}") = "Smart.Design.Razor.Tests", "test\Smart.Design.Razor.Tests\Smart.Design.Razor.Tests.csproj", "{9BCDCD63-B51D-415D-ADB0-D24272D3E4A1}"
EndProject
Global
	GlobalSection(SolutionConfigurationPlatforms) = preSolution
		Debug|Any CPU = Debug|Any CPU
		Release|Any CPU = Release|Any CPU
	EndGlobalSection
	GlobalSection(ProjectConfigurationPlatforms) = postSolution
		{CB33C4FA-5710-4D2B-BFFE-0FB6889F446B}.Debug|Any CPU.ActiveCfg = Debug|Any CPU
		{CB33C4FA-5710-4D2B-BFFE-0FB6889F446B}.Debug|Any CPU.Build.0 = Debug|Any CPU
		{CB33C4FA-5710-4D2B-BFFE-0FB6889F446B}.Release|Any CPU.ActiveCfg = Release|Any CPU
		{CB33C4FA-5710-4D2B-BFFE-0FB6889F446B}.Release|Any CPU.Build.0 = Release|Any CPU
		{C368F796-EA72-4144-BDA4-186B138B563A}.Debug|Any CPU.ActiveCfg = Debug|Any CPU
		{C368F796-EA72-4144-BDA4-186B138B563A}.Debug|Any CPU.Build.0 = Debug|Any CPU
		{C368F796-EA72-4144-BDA4-186B138B563A}.Release|Any CPU.ActiveCfg = Release|Any CPU
		{C368F796-EA72-4144-BDA4-186B138B563A}.Release|Any CPU.Build.0 = Release|Any CPU
		{023E7179-0BF0-4507-AC90-8C3D88C66E34}.Debug|Any CPU.ActiveCfg = Debug|Any CPU
		{023E7179-0BF0-4507-AC90-8C3D88C66E34}.Debug|Any CPU.Build.0 = Debug|Any CPU
		{023E7179-0BF0-4507-AC90-8C3D88C66E34}.Release|Any CPU.ActiveCfg = Release|Any CPU
		{023E7179-0BF0-4507-AC90-8C3D88C66E34}.Release|Any CPU.Build.0 = Release|Any CPU
		{569B9049-7E66-44FC-B322-FEEE7A8C16E6}.Debug|Any CPU.ActiveCfg = Debug|Any CPU
		{569B9049-7E66-44FC-B322-FEEE7A8C16E6}.Debug|Any CPU.Build.0 = Debug|Any CPU
		{569B9049-7E66-44FC-B322-FEEE7A8C16E6}.Release|Any CPU.ActiveCfg = Release|Any CPU
		{569B9049-7E66-44FC-B322-FEEE7A8C16E6}.Release|Any CPU.Build.0 = Release|Any CPU
		{9BCDCD63-B51D-415D-ADB0-D24272D3E4A1}.Debug|Any CPU.ActiveCfg = Debug|Any CPU
		{9BCDCD63-B51D-415D-ADB0-D24272D3E4A1}.Debug|Any CPU.Build.0 = Debug|Any CPU
		{9BCDCD63-B51D-415D-ADB0-D24272D3E4A1}.Release|Any CPU.ActiveCfg = Release|Any CPU
		{9BCDCD63-B51D-415D-ADB0-D24272D3E4A1}.Release|Any CPU.Build.0 = Release|Any CPU
	EndGlobalSection
	GlobalSection(SolutionProperties) = preSolution
		HideSolutionNode = FALSE
	EndGlobalSection
	GlobalSection(NestedProjects) = preSolution
		{CB33C4FA-5710-4D2B-BFFE-0FB6889F446B} = {30D0695E-6781-4626-BCBF-CF4499DE0265}
		{D39A27E8-CA69-4E02-BA1B-CFBE63D3A111} = {30D0695E-6781-4626-BCBF-CF4499DE0265}
		{C368F796-EA72-4144-BDA4-186B138B563A} = {D39A27E8-CA69-4E02-BA1B-CFBE63D3A111}
		{023E7179-0BF0-4507-AC90-8C3D88C66E34} = {D39A27E8-CA69-4E02-BA1B-CFBE63D3A111}
		{569B9049-7E66-44FC-B322-FEEE7A8C16E6} = {9C5E46C5-9B1E-43E0-B7BC-7AFE907BBE9E}
		{9BCDCD63-B51D-415D-ADB0-D24272D3E4A1} = {9C5E46C5-9B1E-43E0-B7BC-7AFE907BBE9E}
	EndGlobalSection
	GlobalSection(ExtensibilityGlobals) = postSolution
		SolutionGuid = {9D7D52D3-9B35-4D87-B1CC-4E2E8C2119C2}
	EndGlobalSection
EndGlobal
