
Microsoft Visual Studio Solution File, Format Version 12.00
# Visual Studio Version 17
VisualStudioVersion = 17.1.32421.90
MinimumVisualStudioVersion = 10.0.40219.1
Project("{9A19103F-16F7-4668-BE54-9A1E7A4F7556}") = "Smart.Design.Razor.Templates", "src\Smart.Design.Razor.Templates\Smart.Design.Razor.Templates.csproj", "{01EF3B22-5CC0-43E0-BF30-4BC0DDD26BB4}"
EndProject
Project("{FAE04EC0-301F-11D3-BF4B-00C04F79EFBC}") = "Smart.Design.Razor.HtmlGenerator", "src\Smart.Design.Razor.HtmlGenerator\Smart.Design.Razor.HtmlGenerator.csproj", "{B7C4422C-850E-42AF-A335-4FC0B6E2589D}"
EndProject
Global
	GlobalSection(SolutionConfigurationPlatforms) = preSolution
		Debug|Any CPU = Debug|Any CPU
		Release|Any CPU = Release|Any CPU
	EndGlobalSection
	GlobalSection(ProjectConfigurationPlatforms) = postSolution
		{01EF3B22-5CC0-43E0-BF30-4BC0DDD26BB4}.Debug|Any CPU.ActiveCfg = Debug|Any CPU
		{01EF3B22-5CC0-43E0-BF30-4BC0DDD26BB4}.Debug|Any CPU.Build.0 = Debug|Any CPU
		{01EF3B22-5CC0-43E0-BF30-4BC0DDD26BB4}.Release|Any CPU.ActiveCfg = Release|Any CPU
		{01EF3B22-5CC0-43E0-BF30-4BC0DDD26BB4}.Release|Any CPU.Build.0 = Release|Any CPU
		{B7C4422C-850E-42AF-A335-4FC0B6E2589D}.Debug|Any CPU.ActiveCfg = Debug|Any CPU
		{B7C4422C-850E-42AF-A335-4FC0B6E2589D}.Debug|Any CPU.Build.0 = Debug|Any CPU
		{B7C4422C-850E-42AF-A335-4FC0B6E2589D}.Release|Any CPU.ActiveCfg = Release|Any CPU
		{B7C4422C-850E-42AF-A335-4FC0B6E2589D}.Release|Any CPU.Build.0 = Release|Any CPU
	EndGlobalSection
	GlobalSection(SolutionProperties) = preSolution
		HideSolutionNode = FALSE
	EndGlobalSection
	GlobalSection(ExtensibilityGlobals) = postSolution
		SolutionGuid = {CB8440D4-B6D4-4C9D-9C41-6064533AC041}
	EndGlobalSection
EndGlobal
